
Microsoft Visual Studio Solution File, Format Version 12.00
# Visual Studio Version 16
VisualStudioVersion = 16.0.32901.82
MinimumVisualStudioVersion = 10.0.40219.1
Project("{FAE04EC0-301F-11D3-BF4B-00C04F79EFBC}") = "Cumulative-1-assignment-3", "Cumulative-1-assignment-3\Cumulative-1-assignment-3.csproj", "{8FF4EAF0-8E73-4947-88CA-8803364D78BE}"
EndProject
Global
	GlobalSection(SolutionConfigurationPlatforms) = preSolution
		Debug|Any CPU = Debug|Any CPU
		Release|Any CPU = Release|Any CPU
	EndGlobalSection
	GlobalSection(ProjectConfigurationPlatforms) = postSolution
		{8FF4EAF0-8E73-4947-88CA-8803364D78BE}.Debug|Any CPU.ActiveCfg = Debug|Any CPU
		{8FF4EAF0-8E73-4947-88CA-8803364D78BE}.Debug|Any CPU.Build.0 = Debug|Any CPU
		{8FF4EAF0-8E73-4947-88CA-8803364D78BE}.Release|Any CPU.ActiveCfg = Release|Any CPU
		{8FF4EAF0-8E73-4947-88CA-8803364D78BE}.Release|Any CPU.Build.0 = Release|Any CPU
	EndGlobalSection
	GlobalSection(SolutionProperties) = preSolution
		HideSolutionNode = FALSE
	EndGlobalSection
	GlobalSection(ExtensibilityGlobals) = postSolution
		SolutionGuid = {FAE3EECA-316D-4D3E-BB22-ACB92A05A503}
	EndGlobalSection
EndGlobal
